
Microsoft Visual Studio Solution File, Format Version 12.00
# Visual Studio Version 17
VisualStudioVersion = 17.3.32825.248
MinimumVisualStudioVersion = 10.0.40219.1
Project("{F184B08F-C81C-45F6-A57F-5ABD9991F28F}") = "CoursDevDamien", "CoursDevDamien\CoursDevDamien.vbproj", "{EC82E477-5A63-482E-9C67-F9F9EEE93C66}"
EndProject
Global
	GlobalSection(SolutionConfigurationPlatforms) = preSolution
		Debug|Any CPU = Debug|Any CPU
		Release|Any CPU = Release|Any CPU
	EndGlobalSection
	GlobalSection(ProjectConfigurationPlatforms) = postSolution
		{EC82E477-5A63-482E-9C67-F9F9EEE93C66}.Debug|Any CPU.ActiveCfg = Debug|Any CPU
		{EC82E477-5A63-482E-9C67-F9F9EEE93C66}.Debug|Any CPU.Build.0 = Debug|Any CPU
		{EC82E477-5A63-482E-9C67-F9F9EEE93C66}.Release|Any CPU.ActiveCfg = Release|Any CPU
		{EC82E477-5A63-482E-9C67-F9F9EEE93C66}.Release|Any CPU.Build.0 = Release|Any CPU
	EndGlobalSection
	GlobalSection(SolutionProperties) = preSolution
		HideSolutionNode = FALSE
	EndGlobalSection
	GlobalSection(ExtensibilityGlobals) = postSolution
		SolutionGuid = {48961405-8870-453A-BA2D-AB644370D2BB}
	EndGlobalSection
EndGlobal
