
Microsoft Visual Studio Solution File, Format Version 12.00
# Visual Studio Version 17
VisualStudioVersion = 17.3.32825.248
MinimumVisualStudioVersion = 10.0.40219.1
Project("{F184B08F-C81C-45F6-A57F-5ABD9991F28F}") = "factorielles", "factorielles\factorielles.vbproj", "{F74F173E-8EBC-40FC-AAC9-F8016387D9D6}"
EndProject
Global
	GlobalSection(SolutionConfigurationPlatforms) = preSolution
		Debug|Any CPU = Debug|Any CPU
		Release|Any CPU = Release|Any CPU
	EndGlobalSection
	GlobalSection(ProjectConfigurationPlatforms) = postSolution
		{F74F173E-8EBC-40FC-AAC9-F8016387D9D6}.Debug|Any CPU.ActiveCfg = Debug|Any CPU
		{F74F173E-8EBC-40FC-AAC9-F8016387D9D6}.Debug|Any CPU.Build.0 = Debug|Any CPU
		{F74F173E-8EBC-40FC-AAC9-F8016387D9D6}.Release|Any CPU.ActiveCfg = Release|Any CPU
		{F74F173E-8EBC-40FC-AAC9-F8016387D9D6}.Release|Any CPU.Build.0 = Release|Any CPU
	EndGlobalSection
	GlobalSection(SolutionProperties) = preSolution
		HideSolutionNode = FALSE
	EndGlobalSection
	GlobalSection(ExtensibilityGlobals) = postSolution
		SolutionGuid = {91BB88AA-242A-423C-9862-DC37ED7C2E81}
	EndGlobalSection
EndGlobal
